// !$*UTF8*$!
{
	archiveVersion = 1;
	classes = {
	};
	objectVersion = 48;
	objects = {

/* Begin PBXBuildFile section */
		E013AF0B201C1F1B000116DC /* AppDelegate.swift in Sources */ = {isa = PBXBuildFile; fileRef = E013AF0A201C1F1B000116DC /* AppDelegate.swift */; };
		E013AF10201C1F1B000116DC /* Main.storyboard in Resources */ = {isa = PBXBuildFile; fileRef = E013AF0E201C1F1B000116DC /* Main.storyboard */; };
		E013AF12201C1F1B000116DC /* Assets.xcassets in Resources */ = {isa = PBXBuildFile; fileRef = E013AF11201C1F1B000116DC /* Assets.xcassets */; };
		E013AF15201C1F1B000116DC /* LaunchScreen.storyboard in Resources */ = {isa = PBXBuildFile; fileRef = E013AF13201C1F1B000116DC /* LaunchScreen.storyboard */; };
		E013AF1E201C228C000116DC /* Photo.swift in Sources */ = {isa = PBXBuildFile; fileRef = E013AF1D201C228C000116DC /* Photo.swift */; };
		E013AF20201C2E5B000116DC /* HeaderView.swift in Sources */ = {isa = PBXBuildFile; fileRef = E013AF1F201C2E5B000116DC /* HeaderView.swift */; };
		E013AF22201C2FDA000116DC /* PhotoCell.swift in Sources */ = {isa = PBXBuildFile; fileRef = E013AF21201C2FDA000116DC /* PhotoCell.swift */; };
		E013AF24201C3114000116DC /* PhotosCollectionViewController.swift in Sources */ = {isa = PBXBuildFile; fileRef = E013AF23201C3114000116DC /* PhotosCollectionViewController.swift */; };
		E013AF26201C3466000116DC /* DetailViewController.swift in Sources */ = {isa = PBXBuildFile; fileRef = E013AF25201C3466000116DC /* DetailViewController.swift */; };
		E0B55AC2201C4A990070F5EE /* Simulator Screen Shot - iPhone 6s - 2018-01-26 at 21.41.56.png in Resources */ = {isa = PBXBuildFile; fileRef = E0B55AC0201C4A3F0070F5EE /* Simulator Screen Shot - iPhone 6s - 2018-01-26 at 21.41.56.png */; };
		E0B55AC3201C4A990070F5EE /* Simulator Screen Shot - iPhone 6s - 2018-01-26 at 21.41.37.png in Resources */ = {isa = PBXBuildFile; fileRef = E0B55AC1201C4A970070F5EE /* Simulator Screen Shot - iPhone 6s - 2018-01-26 at 21.41.37.png */; };
		E0B55AC6201C4DFA0070F5EE /* Simulator Screen Shot - iPhone 6s - 2018-01-26 at 21.54.25.png in Resources */ = {isa = PBXBuildFile; fileRef = E0B55AC4201C4DE20070F5EE /* Simulator Screen Shot - iPhone 6s - 2018-01-26 at 21.54.25.png */; };
		E0B55AC7201C4DFA0070F5EE /* Simulator Screen Shot - iPhone 6s - 2018-01-26 at 21.42.29.png in Resources */ = {isa = PBXBuildFile; fileRef = E0B55AC5201C4DF80070F5EE /* Simulator Screen Shot - iPhone 6s - 2018-01-26 at 21.42.29.png */; };
		E0B55ACD201C4FC70070F5EE /* Comment.swift in Sources */ = {isa = PBXBuildFile; fileRef = E0B55ACC201C4FC70070F5EE /* Comment.swift */; };
		E0B55ACF201C55BF0070F5EE /* DetailHeaderView.swift in Sources */ = {isa = PBXBuildFile; fileRef = E0B55ACE201C55BF0070F5EE /* DetailHeaderView.swift */; };
		E0B55AD1201C56330070F5EE /* CommentTableViewCell.swift in Sources */ = {isa = PBXBuildFile; fileRef = E0B55AD0201C56330070F5EE /* CommentTableViewCell.swift */; };
		E0B55AD3201C575C0070F5EE /* DetailTableViewController.swift in Sources */ = {isa = PBXBuildFile; fileRef = E0B55AD2201C575C0070F5EE /* DetailTableViewController.swift */; };
		E0B55AD5201C5D2F0070F5EE /* ZoomTransitioningDelegate.swift in Sources */ = {isa = PBXBuildFile; fileRef = E0B55AD4201C5D2F0070F5EE /* ZoomTransitioningDelegate.swift */; };
		E0D6F960201C70A800EBD9F0 /* Simulator Screen Shot - iPhone 6s - 2018-01-27 at 00.30.29.png in Resources */ = {isa = PBXBuildFile; fileRef = E0D6F95F201C70A500EBD9F0 /* Simulator Screen Shot - iPhone 6s - 2018-01-27 at 00.30.29.png */; };
		E0D6F962201C70B400EBD9F0 /* Simulator Screen Shot - iPhone 6s - 2018-01-27 at 00.29.41.png in Resources */ = {isa = PBXBuildFile; fileRef = E0D6F961201C70B400EBD9F0 /* Simulator Screen Shot - iPhone 6s - 2018-01-27 at 00.29.41.png */; };
		E0D6F964201C70BB00EBD9F0 /* Simulator Screen Shot - iPhone 6s - 2018-01-27 at 00.29.57.png in Resources */ = {isa = PBXBuildFile; fileRef = E0D6F963201C70BB00EBD9F0 /* Simulator Screen Shot - iPhone 6s - 2018-01-27 at 00.29.57.png */; };
/* End PBXBuildFile section */

/* Begin PBXFileReference section */
		E013AF07201C1F1B000116DC /* PhotosCollectionViewsLikeGrid.app */ = {isa = PBXFileReference; explicitFileType = wrapper.application; includeInIndex = 0; path = PhotosCollectionViewsLikeGrid.app; sourceTree = BUILT_PRODUCTS_DIR; };
		E013AF0A201C1F1B000116DC /* AppDelegate.swift */ = {isa = PBXFileReference; lastKnownFileType = sourcecode.swift; path = AppDelegate.swift; sourceTree = "<group>"; };
		E013AF0F201C1F1B000116DC /* Base */ = {isa = PBXFileReference; lastKnownFileType = file.storyboard; name = Base; path = Base.lproj/Main.storyboard; sourceTree = "<group>"; };
		E013AF11201C1F1B000116DC /* Assets.xcassets */ = {isa = PBXFileReference; lastKnownFileType = folder.assetcatalog; path = Assets.xcassets; sourceTree = "<group>"; };
		E013AF14201C1F1B000116DC /* Base */ = {isa = PBXFileReference; lastKnownFileType = file.storyboard; name = Base; path = Base.lproj/LaunchScreen.storyboard; sourceTree = "<group>"; };
		E013AF16201C1F1B000116DC /* Info.plist */ = {isa = PBXFileReference; lastKnownFileType = text.plist.xml; path = Info.plist; sourceTree = "<group>"; };
		E013AF1D201C228C000116DC /* Photo.swift */ = {isa = PBXFileReference; lastKnownFileType = sourcecode.swift; path = Photo.swift; sourceTree = "<group>"; };
		E013AF1F201C2E5B000116DC /* HeaderView.swift */ = {isa = PBXFileReference; lastKnownFileType = sourcecode.swift; path = HeaderView.swift; sourceTree = "<group>"; };
		E013AF21201C2FDA000116DC /* PhotoCell.swift */ = {isa = PBXFileReference; lastKnownFileType = sourcecode.swift; path = PhotoCell.swift; sourceTree = "<group>"; };
		E013AF23201C3114000116DC /* PhotosCollectionViewController.swift */ = {isa = PBXFileReference; lastKnownFileType = sourcecode.swift; path = PhotosCollectionViewController.swift; sourceTree = "<group>"; };
		E013AF25201C3466000116DC /* DetailViewController.swift */ = {isa = PBXFileReference; lastKnownFileType = sourcecode.swift; path = DetailViewController.swift; sourceTree = "<group>"; };
		E0B55AC0201C4A3F0070F5EE /* Simulator Screen Shot - iPhone 6s - 2018-01-26 at 21.41.56.png */ = {isa = PBXFileReference; lastKnownFileType = image.png; path = "Simulator Screen Shot - iPhone 6s - 2018-01-26 at 21.41.56.png"; sourceTree = "<group>"; };
		E0B55AC1201C4A970070F5EE /* Simulator Screen Shot - iPhone 6s - 2018-01-26 at 21.41.37.png */ = {isa = PBXFileReference; lastKnownFileType = image.png; path = "Simulator Screen Shot - iPhone 6s - 2018-01-26 at 21.41.37.png"; sourceTree = "<group>"; };
		E0B55AC4201C4DE20070F5EE /* Simulator Screen Shot - iPhone 6s - 2018-01-26 at 21.54.25.png */ = {isa = PBXFileReference; lastKnownFileType = image.png; path = "Simulator Screen Shot - iPhone 6s - 2018-01-26 at 21.54.25.png"; sourceTree = "<group>"; };
		E0B55AC5201C4DF80070F5EE /* Simulator Screen Shot - iPhone 6s - 2018-01-26 at 21.42.29.png */ = {isa = PBXFileReference; lastKnownFileType = image.png; path = "Simulator Screen Shot - iPhone 6s - 2018-01-26 at 21.42.29.png"; sourceTree = "<group>"; };
		E0B55ACC201C4FC70070F5EE /* Comment.swift */ = {isa = PBXFileReference; lastKnownFileType = sourcecode.swift; path = Comment.swift; sourceTree = "<group>"; };
		E0B55ACE201C55BF0070F5EE /* DetailHeaderView.swift */ = {isa = PBXFileReference; lastKnownFileType = sourcecode.swift; path = DetailHeaderView.swift; sourceTree = "<group>"; };
		E0B55AD0201C56330070F5EE /* CommentTableViewCell.swift */ = {isa = PBXFileReference; lastKnownFileType = sourcecode.swift; path = CommentTableViewCell.swift; sourceTree = "<group>"; };
		E0B55AD2201C575C0070F5EE /* DetailTableViewController.swift */ = {isa = PBXFileReference; lastKnownFileType = sourcecode.swift; path = DetailTableViewController.swift; sourceTree = "<group>"; };
		E0B55AD4201C5D2F0070F5EE /* ZoomTransitioningDelegate.swift */ = {isa = PBXFileReference; lastKnownFileType = sourcecode.swift; path = ZoomTransitioningDelegate.swift; sourceTree = "<group>"; };
		E0D6F95F201C70A500EBD9F0 /* Simulator Screen Shot - iPhone 6s - 2018-01-27 at 00.30.29.png */ = {isa = PBXFileReference; lastKnownFileType = image.png; path = "Simulator Screen Shot - iPhone 6s - 2018-01-27 at 00.30.29.png"; sourceTree = "<group>"; };
		E0D6F961201C70B400EBD9F0 /* Simulator Screen Shot - iPhone 6s - 2018-01-27 at 00.29.41.png */ = {isa = PBXFileReference; lastKnownFileType = image.png; path = "Simulator Screen Shot - iPhone 6s - 2018-01-27 at 00.29.41.png"; sourceTree = "<group>"; };
		E0D6F963201C70BB00EBD9F0 /* Simulator Screen Shot - iPhone 6s - 2018-01-27 at 00.29.57.png */ = {isa = PBXFileReference; lastKnownFileType = image.png; path = "Simulator Screen Shot - iPhone 6s - 2018-01-27 at 00.29.57.png"; sourceTree = "<group>"; };
/* End PBXFileReference section */

/* Begin PBXFrameworksBuildPhase section */
		E013AF04201C1F1B000116DC /* Frameworks */ = {
			isa = PBXFrameworksBuildPhase;
			buildActionMask = 2147483647;
			files = (
			);
			runOnlyForDeploymentPostprocessing = 0;
		};
/* End PBXFrameworksBuildPhase section */

/* Begin PBXGroup section */
		E013AEFE201C1F1B000116DC = {
			isa = PBXGroup;
			children = (
				E013AF09201C1F1B000116DC /* PhotosCollectionViewsLikeGrid */,
				E013AF08201C1F1B000116DC /* Products */,
			);
			sourceTree = "<group>";
		};
		E013AF08201C1F1B000116DC /* Products */ = {
			isa = PBXGroup;
			children = (
				E013AF07201C1F1B000116DC /* PhotosCollectionViewsLikeGrid.app */,
			);
			name = Products;
			sourceTree = "<group>";
		};
		E013AF09201C1F1B000116DC /* PhotosCollectionViewsLikeGrid */ = {
			isa = PBXGroup;
			children = (
				E013AF16201C1F1B000116DC /* Info.plist */,
				E013AF1C201C1F55000116DC /* Model */,
				E0B55ACA201C4EEE0070F5EE /* OtherStuff */,
				E0B55ACB201C4F060070F5EE /* Controllers */,
				E0B55AC8201C4E860070F5EE /* SnapShots */,
				E0B55AC9201C4EB40070F5EE /* Views */,
			);
			path = PhotosCollectionViewsLikeGrid;
			sourceTree = "<group>";
		};
		E013AF1C201C1F55000116DC /* Model */ = {
			isa = PBXGroup;
			children = (
				E013AF1D201C228C000116DC /* Photo.swift */,
				E0B55ACC201C4FC70070F5EE /* Comment.swift */,
				E0B55AD4201C5D2F0070F5EE /* ZoomTransitioningDelegate.swift */,
			);
			path = Model;
			sourceTree = "<group>";
		};
		E0B55AC8201C4E860070F5EE /* SnapShots */ = {
			isa = PBXGroup;
			children = (
				E0D6F963201C70BB00EBD9F0 /* Simulator Screen Shot - iPhone 6s - 2018-01-27 at 00.29.57.png */,
				E0D6F961201C70B400EBD9F0 /* Simulator Screen Shot - iPhone 6s - 2018-01-27 at 00.29.41.png */,
				E0D6F95F201C70A500EBD9F0 /* Simulator Screen Shot - iPhone 6s - 2018-01-27 at 00.30.29.png */,
				E0B55AC5201C4DF80070F5EE /* Simulator Screen Shot - iPhone 6s - 2018-01-26 at 21.42.29.png */,
				E0B55AC4201C4DE20070F5EE /* Simulator Screen Shot - iPhone 6s - 2018-01-26 at 21.54.25.png */,
				E0B55AC0201C4A3F0070F5EE /* Simulator Screen Shot - iPhone 6s - 2018-01-26 at 21.41.56.png */,
				E0B55AC1201C4A970070F5EE /* Simulator Screen Shot - iPhone 6s - 2018-01-26 at 21.41.37.png */,
			);
			path = SnapShots;
			sourceTree = "<group>";
		};
		E0B55AC9201C4EB40070F5EE /* Views */ = {
			isa = PBXGroup;
			children = (
				E013AF21201C2FDA000116DC /* PhotoCell.swift */,
				E013AF1F201C2E5B000116DC /* HeaderView.swift */,
				E013AF0E201C1F1B000116DC /* Main.storyboard */,
				E0B55ACE201C55BF0070F5EE /* DetailHeaderView.swift */,
				E0B55AD0201C56330070F5EE /* CommentTableViewCell.swift */,
			);
			path = Views;
			sourceTree = "<group>";
		};
		E0B55ACA201C4EEE0070F5EE /* OtherStuff */ = {
			isa = PBXGroup;
			children = (
				E013AF0A201C1F1B000116DC /* AppDelegate.swift */,
				E013AF11201C1F1B000116DC /* Assets.xcassets */,
				E013AF13201C1F1B000116DC /* LaunchScreen.storyboard */,
			);
			path = OtherStuff;
			sourceTree = "<group>";
		};
		E0B55ACB201C4F060070F5EE /* Controllers */ = {
			isa = PBXGroup;
			children = (
				E013AF23201C3114000116DC /* PhotosCollectionViewController.swift */,
				E013AF25201C3466000116DC /* DetailViewController.swift */,
				E0B55AD2201C575C0070F5EE /* DetailTableViewController.swift */,
			);
			path = Controllers;
			sourceTree = "<group>";
		};
/* End PBXGroup section */

/* Begin PBXNativeTarget section */
		E013AF06201C1F1B000116DC /* PhotosCollectionViewsLikeGrid */ = {
			isa = PBXNativeTarget;
			buildConfigurationList = E013AF19201C1F1B000116DC /* Build configuration list for PBXNativeTarget "PhotosCollectionViewsLikeGrid" */;
			buildPhases = (
				E013AF03201C1F1B000116DC /* Sources */,
				E013AF04201C1F1B000116DC /* Frameworks */,
				E013AF05201C1F1B000116DC /* Resources */,
			);
			buildRules = (
			);
			dependencies = (
			);
			name = PhotosCollectionViewsLikeGrid;
			productName = PhotosCollectionViewsLikeGrid;
			productReference = E013AF07201C1F1B000116DC /* PhotosCollectionViewsLikeGrid.app */;
			productType = "com.apple.product-type.application";
		};
/* End PBXNativeTarget section */

/* Begin PBXProject section */
		E013AEFF201C1F1B000116DC /* Project object */ = {
			isa = PBXProject;
			attributes = {
				LastSwiftUpdateCheck = 0920;
				LastUpgradeCheck = 0920;
				ORGANIZATIONNAME = andiosdev;
				TargetAttributes = {
					E013AF06201C1F1B000116DC = {
						CreatedOnToolsVersion = 9.2;
						ProvisioningStyle = Automatic;
					};
				};
			};
			buildConfigurationList = E013AF02201C1F1B000116DC /* Build configuration list for PBXProject "PhotosCollectionViewsLikeGrid" */;
			compatibilityVersion = "Xcode 8.0";
			developmentRegion = en;
			hasScannedForEncodings = 0;
			knownRegions = (
				en,
				Base,
			);
			mainGroup = E013AEFE201C1F1B000116DC;
			productRefGroup = E013AF08201C1F1B000116DC /* Products */;
			projectDirPath = "";
			projectRoot = "";
			targets = (
				E013AF06201C1F1B000116DC /* PhotosCollectionViewsLikeGrid */,
			);
		};
/* End PBXProject section */

/* Begin PBXResourcesBuildPhase section */
		E013AF05201C1F1B000116DC /* Resources */ = {
			isa = PBXResourcesBuildPhase;
			buildActionMask = 2147483647;
			files = (
				E0D6F964201C70BB00EBD9F0 /* Simulator Screen Shot - iPhone 6s - 2018-01-27 at 00.29.57.png in Resources */,
				E013AF15201C1F1B000116DC /* LaunchScreen.storyboard in Resources */,
				E0B55AC7201C4DFA0070F5EE /* Simulator Screen Shot - iPhone 6s - 2018-01-26 at 21.42.29.png in Resources */,
				E0B55AC6201C4DFA0070F5EE /* Simulator Screen Shot - iPhone 6s - 2018-01-26 at 21.54.25.png in Resources */,
				E0D6F960201C70A800EBD9F0 /* Simulator Screen Shot - iPhone 6s - 2018-01-27 at 00.30.29.png in Resources */,
				E013AF12201C1F1B000116DC /* Assets.xcassets in Resources */,
				E0B55AC3201C4A990070F5EE /* Simulator Screen Shot - iPhone 6s - 2018-01-26 at 21.41.37.png in Resources */,
				E0D6F962201C70B400EBD9F0 /* Simulator Screen Shot - iPhone 6s - 2018-01-27 at 00.29.41.png in Resources */,
				E013AF10201C1F1B000116DC /* Main.storyboard in Resources */,
				E0B55AC2201C4A990070F5EE /* Simulator Screen Shot - iPhone 6s - 2018-01-26 at 21.41.56.png in Resources */,
			);
			runOnlyForDeploymentPostprocessing = 0;
		};
/* End PBXResourcesBuildPhase section */

/* Begin PBXSourcesBuildPhase section */
		E013AF03201C1F1B000116DC /* Sources */ = {
			isa = PBXSourcesBuildPhase;
			buildActionMask = 2147483647;
			files = (
				E0B55ACF201C55BF0070F5EE /* DetailHeaderView.swift in Sources */,
				E013AF1E201C228C000116DC /* Photo.swift in Sources */,
				E013AF22201C2FDA000116DC /* PhotoCell.swift in Sources */,
				E013AF24201C3114000116DC /* PhotosCollectionViewController.swift in Sources */,
				E0B55AD1201C56330070F5EE /* CommentTableViewCell.swift in Sources */,
				E0B55ACD201C4FC70070F5EE /* Comment.swift in Sources */,
				E0B55AD3201C575C0070F5EE /* DetailTableViewController.swift in Sources */,
				E0B55AD5201C5D2F0070F5EE /* ZoomTransitioningDelegate.swift in Sources */,
				E013AF0B201C1F1B000116DC /* AppDelegate.swift in Sources */,
				E013AF20201C2E5B000116DC /* HeaderView.swift in Sources */,
				E013AF26201C3466000116DC /* DetailViewController.swift in Sources */,
			);
			runOnlyForDeploymentPostprocessing = 0;
		};
/* End PBXSourcesBuildPhase section */

/* Begin PBXVariantGroup section */
		E013AF0E201C1F1B000116DC /* Main.storyboard */ = {
			isa = PBXVariantGroup;
			children = (
				E013AF0F201C1F1B000116DC /* Base */,
			);
			name = Main.storyboard;
			sourceTree = "<group>";
		};
		E013AF13201C1F1B000116DC /* LaunchScreen.storyboard */ = {
			isa = PBXVariantGroup;
			children = (
				E013AF14201C1F1B000116DC /* Base */,
			);
			name = LaunchScreen.storyboard;
			sourceTree = "<group>";
		};
/* End PBXVariantGroup section */

/* Begin XCBuildConfiguration section */
		E013AF17201C1F1B000116DC /* Debug */ = {
			isa = XCBuildConfiguration;
			buildSettings = {
				ALWAYS_SEARCH_USER_PATHS = NO;
				CLANG_ANALYZER_NONNULL = YES;
				CLANG_ANALYZER_NUMBER_OBJECT_CONVERSION = YES_AGGRESSIVE;
				CLANG_CXX_LANGUAGE_STANDARD = "gnu++14";
				CLANG_CXX_LIBRARY = "libc++";
				CLANG_ENABLE_MODULES = YES;
				CLANG_ENABLE_OBJC_ARC = YES;
				CLANG_WARN_BLOCK_CAPTURE_AUTORELEASING = YES;
				CLANG_WARN_BOOL_CONVERSION = YES;
				CLANG_WARN_COMMA = YES;
				CLANG_WARN_CONSTANT_CONVERSION = YES;
				CLANG_WARN_DIRECT_OBJC_ISA_USAGE = YES_ERROR;
				CLANG_WARN_DOCUMENTATION_COMMENTS = YES;
				CLANG_WARN_EMPTY_BODY = YES;
				CLANG_WARN_ENUM_CONVERSION = YES;
				CLANG_WARN_INFINITE_RECURSION = YES;
				CLANG_WARN_INT_CONVERSION = YES;
				CLANG_WARN_NON_LITERAL_NULL_CONVERSION = YES;
				CLANG_WARN_OBJC_LITERAL_CONVERSION = YES;
				CLANG_WARN_OBJC_ROOT_CLASS = YES_ERROR;
				CLANG_WARN_RANGE_LOOP_ANALYSIS = YES;
				CLANG_WARN_STRICT_PROTOTYPES = YES;
				CLANG_WARN_SUSPICIOUS_MOVE = YES;
				CLANG_WARN_UNGUARDED_AVAILABILITY = YES_AGGRESSIVE;
				CLANG_WARN_UNREACHABLE_CODE = YES;
				CLANG_WARN__DUPLICATE_METHOD_MATCH = YES;
				CODE_SIGN_IDENTITY = "iPhone Developer";
				COPY_PHASE_STRIP = NO;
				DEBUG_INFORMATION_FORMAT = dwarf;
				ENABLE_STRICT_OBJC_MSGSEND = YES;
				ENABLE_TESTABILITY = YES;
				GCC_C_LANGUAGE_STANDARD = gnu11;
				GCC_DYNAMIC_NO_PIC = NO;
				GCC_NO_COMMON_BLOCKS = YES;
				GCC_OPTIMIZATION_LEVEL = 0;
				GCC_PREPROCESSOR_DEFINITIONS = (
					"DEBUG=1",
					"$(inherited)",
				);
				GCC_WARN_64_TO_32_BIT_CONVERSION = YES;
				GCC_WARN_ABOUT_RETURN_TYPE = YES_ERROR;
				GCC_WARN_UNDECLARED_SELECTOR = YES;
				GCC_WARN_UNINITIALIZED_AUTOS = YES_AGGRESSIVE;
				GCC_WARN_UNUSED_FUNCTION = YES;
				GCC_WARN_UNUSED_VARIABLE = YES;
				IPHONEOS_DEPLOYMENT_TARGET = 11.2;
				MTL_ENABLE_DEBUG_INFO = YES;
				ONLY_ACTIVE_ARCH = YES;
				SDKROOT = iphoneos;
				SWIFT_ACTIVE_COMPILATION_CONDITIONS = DEBUG;
				SWIFT_OPTIMIZATION_LEVEL = "-Onone";
			};
			name = Debug;
		};
		E013AF18201C1F1B000116DC /* Release */ = {
			isa = XCBuildConfiguration;
			buildSettings = {
				ALWAYS_SEARCH_USER_PATHS = NO;
				CLANG_ANALYZER_NONNULL = YES;
				CLANG_ANALYZER_NUMBER_OBJECT_CONVERSION = YES_AGGRESSIVE;
				CLANG_CXX_LANGUAGE_STANDARD = "gnu++14";
				CLANG_CXX_LIBRARY = "libc++";
				CLANG_ENABLE_MODULES = YES;
				CLANG_ENABLE_OBJC_ARC = YES;
				CLANG_WARN_BLOCK_CAPTURE_AUTORELEASING = YES;
				CLANG_WARN_BOOL_CONVERSION = YES;
				CLANG_WARN_COMMA = YES;
				CLANG_WARN_CONSTANT_CONVERSION = YES;
				CLANG_WARN_DIRECT_OBJC_ISA_USAGE = YES_ERROR;
				CLANG_WARN_DOCUMENTATION_COMMENTS = YES;
				CLANG_WARN_EMPTY_BODY = YES;
				CLANG_WARN_ENUM_CONVERSION = YES;
				CLANG_WARN_INFINITE_RECURSION = YES;
				CLANG_WARN_INT_CONVERSION = YES;
				CLANG_WARN_NON_LITERAL_NULL_CONVERSION = YES;
				CLANG_WARN_OBJC_LITERAL_CONVERSION = YES;
				CLANG_WARN_OBJC_ROOT_CLASS = YES_ERROR;
				CLANG_WARN_RANGE_LOOP_ANALYSIS = YES;
				CLANG_WARN_STRICT_PROTOTYPES = YES;
				CLANG_WARN_SUSPICIOUS_MOVE = YES;
				CLANG_WARN_UNGUARDED_AVAILABILITY = YES_AGGRESSIVE;
				CLANG_WARN_UNREACHABLE_CODE = YES;
				CLANG_WARN__DUPLICATE_METHOD_MATCH = YES;
				CODE_SIGN_IDENTITY = "iPhone Developer";
				COPY_PHASE_STRIP = NO;
				DEBUG_INFORMATION_FORMAT = "dwarf-with-dsym";
				ENABLE_NS_ASSERTIONS = NO;
				ENABLE_STRICT_OBJC_MSGSEND = YES;
				GCC_C_LANGUAGE_STANDARD = gnu11;
				GCC_NO_COMMON_BLOCKS = YES;
				GCC_WARN_64_TO_32_BIT_CONVERSION = YES;
				GCC_WARN_ABOUT_RETURN_TYPE = YES_ERROR;
				GCC_WARN_UNDECLARED_SELECTOR = YES;
				GCC_WARN_UNINITIALIZED_AUTOS = YES_AGGRESSIVE;
				GCC_WARN_UNUSED_FUNCTION = YES;
				GCC_WARN_UNUSED_VARIABLE = YES;
				IPHONEOS_DEPLOYMENT_TARGET = 11.2;
				MTL_ENABLE_DEBUG_INFO = NO;
				SDKROOT = iphoneos;
				SWIFT_OPTIMIZATION_LEVEL = "-Owholemodule";
				VALIDATE_PRODUCT = YES;
			};
			name = Release;
		};
		E013AF1A201C1F1B000116DC /* Debug */ = {
			isa = XCBuildConfiguration;
			buildSettings = {
				ASSETCATALOG_COMPILER_APPICON_NAME = AppIcon;
				CODE_SIGN_STYLE = Automatic;
				INFOPLIST_FILE = PhotosCollectionViewsLikeGrid/Info.plist;
				LD_RUNPATH_SEARCH_PATHS = "$(inherited) @executable_path/Frameworks";
				PRODUCT_BUNDLE_IDENTIFIER = com.hpIos.PhotosCollectionViewsLikeGrid;
				PRODUCT_NAME = "$(TARGET_NAME)";
				SWIFT_VERSION = 4.0;
				TARGETED_DEVICE_FAMILY = "1,2";
			};
			name = Debug;
		};
		E013AF1B201C1F1B000116DC /* Release */ = {
			isa = XCBuildConfiguration;
			buildSettings = {
				ASSETCATALOG_COMPILER_APPICON_NAME = AppIcon;
				CODE_SIGN_STYLE = Automatic;
				INFOPLIST_FILE = PhotosCollectionViewsLikeGrid/Info.plist;
				LD_RUNPATH_SEARCH_PATHS = "$(inherited) @executable_path/Frameworks";
				PRODUCT_BUNDLE_IDENTIFIER = com.hpIos.PhotosCollectionViewsLikeGrid;
				PRODUCT_NAME = "$(TARGET_NAME)";
				SWIFT_VERSION = 4.0;
				TARGETED_DEVICE_FAMILY = "1,2";
			};
			name = Release;
		};
/* End XCBuildConfiguration section */

/* Begin XCConfigurationList section */
		E013AF02201C1F1B000116DC /* Build configuration list for PBXProject "PhotosCollectionViewsLikeGrid" */ = {
			isa = XCConfigurationList;
			buildConfigurations = (
				E013AF17201C1F1B000116DC /* Debug */,
				E013AF18201C1F1B000116DC /* Release */,
			);
			defaultConfigurationIsVisible = 0;
			defaultConfigurationName = Release;
		};
		E013AF19201C1F1B000116DC /* Build configuration list for PBXNativeTarget "PhotosCollectionViewsLikeGrid" */ = {
			isa = XCConfigurationList;
			buildConfigurations = (
				E013AF1A201C1F1B000116DC /* Debug */,
				E013AF1B201C1F1B000116DC /* Release */,
			);
			defaultConfigurationIsVisible = 0;
			defaultConfigurationName = Release;
		};
/* End XCConfigurationList section */
	};
	rootObject = E013AEFF201C1F1B000116DC /* Project object */;
}
